
Microsoft Visual Studio Solution File, Format Version 12.00
# Visual Studio Version 17
VisualStudioVersion = 17.1.32319.34
MinimumVisualStudioVersion = 10.0.40219.1
Project("{FAE04EC0-301F-11D3-BF4B-00C04F79EFBC}") = "MojaPrvaWindowsAplikacija", "MojaPrvaWindowsAplikacija\MojaPrvaWindowsAplikacija.csproj", "{17B5A3A9-8074-42CF-94FE-B091B2E83873}"
EndProject
Global
	GlobalSection(SolutionConfigurationPlatforms) = preSolution
		Debug|Any CPU = Debug|Any CPU
		Release|Any CPU = Release|Any CPU
	EndGlobalSection
	GlobalSection(ProjectConfigurationPlatforms) = postSolution
		{17B5A3A9-8074-42CF-94FE-B091B2E83873}.Debug|Any CPU.ActiveCfg = Debug|Any CPU
		{17B5A3A9-8074-42CF-94FE-B091B2E83873}.Debug|Any CPU.Build.0 = Debug|Any CPU
		{17B5A3A9-8074-42CF-94FE-B091B2E83873}.Release|Any CPU.ActiveCfg = Release|Any CPU
		{17B5A3A9-8074-42CF-94FE-B091B2E83873}.Release|Any CPU.Build.0 = Release|Any CPU
	EndGlobalSection
	GlobalSection(SolutionProperties) = preSolution
		HideSolutionNode = FALSE
	EndGlobalSection
	GlobalSection(ExtensibilityGlobals) = postSolution
		SolutionGuid = {FA984390-729C-45D1-B63C-E09ED136EFDD}
	EndGlobalSection
EndGlobal
